
Microsoft Visual Studio Solution File, Format Version 12.00
# Visual Studio Version 17
VisualStudioVersion = 17.8.34511.84
MinimumVisualStudioVersion = 10.0.40219.1
Project("{888888A0-9F3D-457C-B088-3A5042F75D52}") = "Assessment 4", "Assessment 4\Assessment 4.pyproj", "{7B360BFA-A359-4A52-AF99-B6A2D0F6EA32}"
EndProject
Global
	GlobalSection(SolutionConfigurationPlatforms) = preSolution
		Debug|Any CPU = Debug|Any CPU
		Release|Any CPU = Release|Any CPU
	EndGlobalSection
	GlobalSection(ProjectConfigurationPlatforms) = postSolution
		{7B360BFA-A359-4A52-AF99-B6A2D0F6EA32}.Debug|Any CPU.ActiveCfg = Debug|Any CPU
		{7B360BFA-A359-4A52-AF99-B6A2D0F6EA32}.Release|Any CPU.ActiveCfg = Release|Any CPU
	EndGlobalSection
	GlobalSection(SolutionProperties) = preSolution
		HideSolutionNode = FALSE
	EndGlobalSection
	GlobalSection(ExtensibilityGlobals) = postSolution
		SolutionGuid = {2BC98172-3F3D-44B6-993A-4B939F49667A}
	EndGlobalSection
EndGlobal
